
Microsoft Visual Studio Solution File, Format Version 12.00
# Visual Studio 15
VisualStudioVersion = 15.0.28307.271
MinimumVisualStudioVersion = 10.0.40219.1
Project("{FAE04EC0-301F-11D3-BF4B-00C04F79EFBC}") = "BMICalculatorForm", "BMICalculatorForm\BMICalculatorForm.csproj", "{7EFF80FA-83BE-4CD8-B7E6-F2017B017CC3}"
EndProject
Global
	GlobalSection(SolutionConfigurationPlatforms) = preSolution
		Debug|Any CPU = Debug|Any CPU
		Release|Any CPU = Release|Any CPU
	EndGlobalSection
	GlobalSection(ProjectConfigurationPlatforms) = postSolution
		{7EFF80FA-83BE-4CD8-B7E6-F2017B017CC3}.Debug|Any CPU.ActiveCfg = Debug|Any CPU
		{7EFF80FA-83BE-4CD8-B7E6-F2017B017CC3}.Debug|Any CPU.Build.0 = Debug|Any CPU
		{7EFF80FA-83BE-4CD8-B7E6-F2017B017CC3}.Release|Any CPU.ActiveCfg = Release|Any CPU
		{7EFF80FA-83BE-4CD8-B7E6-F2017B017CC3}.Release|Any CPU.Build.0 = Release|Any CPU
	EndGlobalSection
	GlobalSection(SolutionProperties) = preSolution
		HideSolutionNode = FALSE
	EndGlobalSection
	GlobalSection(ExtensibilityGlobals) = postSolution
		SolutionGuid = {62A0A548-8D76-4951-8158-8804B2D72CFC}
	EndGlobalSection
EndGlobal
